// !$*UTF8*$!
{
	archiveVersion = 1;
	classes = {
	};
	objectVersion = 55;
	objects = {

/* Begin PBXBuildFile section */
		920B6AB02CED0F14003E3A84 /* CVSFlickrImageTestApp.swift in Sources */ = {isa = PBXBuildFile; fileRef = 920B6AAF2CED0F14003E3A84 /* CVSFlickrImageTestApp.swift */; };
		920B6AB22CED0F14003E3A84 /* ImageListView.swift in Sources */ = {isa = PBXBuildFile; fileRef = 920B6AB12CED0F14003E3A84 /* ImageListView.swift */; };
		920B6AB42CED0F40003E3A84 /* Assets.xcassets in Resources */ = {isa = PBXBuildFile; fileRef = 920B6AB32CED0F40003E3A84 /* Assets.xcassets */; };
		920B6AB72CED0F40003E3A84 /* Preview Assets.xcassets in Resources */ = {isa = PBXBuildFile; fileRef = 920B6AB62CED0F40003E3A84 /* Preview Assets.xcassets */; };
		920B6AC12CED0F41003E3A84 /* CVSFlickrImageTestTests.swift in Sources */ = {isa = PBXBuildFile; fileRef = 920B6AC02CED0F41003E3A84 /* CVSFlickrImageTestTests.swift */; };
		920B6ACB2CED0F41003E3A84 /* CVSFlickrImageTestUITests.swift in Sources */ = {isa = PBXBuildFile; fileRef = 920B6ACA2CED0F41003E3A84 /* CVSFlickrImageTestUITests.swift */; };
		920B6ACD2CED0F41003E3A84 /* CVSFlickrImageTestUITestsLaunchTests.swift in Sources */ = {isa = PBXBuildFile; fileRef = 920B6ACC2CED0F41003E3A84 /* CVSFlickrImageTestUITestsLaunchTests.swift */; };
		920B6ADB2CED0FDE003E3A84 /* FlickrImageResponse.swift in Sources */ = {isa = PBXBuildFile; fileRef = 920B6ADA2CED0FDE003E3A84 /* FlickrImageResponse.swift */; };
		920B6ADD2CED109F003E3A84 /* FlickrService.swift in Sources */ = {isa = PBXBuildFile; fileRef = 920B6ADC2CED109F003E3A84 /* FlickrService.swift */; };
		920B6AE02CED1C8A003E3A84 /* ImageThumbnailView.swift in Sources */ = {isa = PBXBuildFile; fileRef = 920B6ADF2CED1C8A003E3A84 /* ImageThumbnailView.swift */; };
		920B6AE22CED1E09003E3A84 /* ImageDetailView.swift in Sources */ = {isa = PBXBuildFile; fileRef = 920B6AE12CED1E09003E3A84 /* ImageDetailView.swift */; };
		920B6AE42CED2242003E3A84 /* DateFormatter+Extensions.swift in Sources */ = {isa = PBXBuildFile; fileRef = 920B6AE32CED2242003E3A84 /* DateFormatter+Extensions.swift */; };
		923B580C2CED27AB00CF01F3 /* LoadingViewOverlay.swift in Sources */ = {isa = PBXBuildFile; fileRef = 923B580B2CED27AB00CF01F3 /* LoadingViewOverlay.swift */; };
/* End PBXBuildFile section */

/* Begin PBXContainerItemProxy section */
		920B6ABD2CED0F41003E3A84 /* PBXContainerItemProxy */ = {
			isa = PBXContainerItemProxy;
			containerPortal = 920B6AA42CED0F13003E3A84 /* Project object */;
			proxyType = 1;
			remoteGlobalIDString = 920B6AAB2CED0F14003E3A84;
			remoteInfo = CVSFlickrImageTest;
		};
		920B6AC72CED0F41003E3A84 /* PBXContainerItemProxy */ = {
			isa = PBXContainerItemProxy;
			containerPortal = 920B6AA42CED0F13003E3A84 /* Project object */;
			proxyType = 1;
			remoteGlobalIDString = 920B6AAB2CED0F14003E3A84;
			remoteInfo = CVSFlickrImageTest;
		};
/* End PBXContainerItemProxy section */

/* Begin PBXFileReference section */
		920B6AAC2CED0F14003E3A84 /* CVSFlickrImageTest.app */ = {isa = PBXFileReference; explicitFileType = wrapper.application; includeInIndex = 0; path = CVSFlickrImageTest.app; sourceTree = BUILT_PRODUCTS_DIR; };
		920B6AAF2CED0F14003E3A84 /* CVSFlickrImageTestApp.swift */ = {isa = PBXFileReference; lastKnownFileType = sourcecode.swift; path = CVSFlickrImageTestApp.swift; sourceTree = "<group>"; };
		920B6AB12CED0F14003E3A84 /* ImageListView.swift */ = {isa = PBXFileReference; lastKnownFileType = sourcecode.swift; path = ImageListView.swift; sourceTree = "<group>"; };
		920B6AB32CED0F40003E3A84 /* Assets.xcassets */ = {isa = PBXFileReference; lastKnownFileType = folder.assetcatalog; path = Assets.xcassets; sourceTree = "<group>"; };
		920B6AB62CED0F40003E3A84 /* Preview Assets.xcassets */ = {isa = PBXFileReference; lastKnownFileType = folder.assetcatalog; path = "Preview Assets.xcassets"; sourceTree = "<group>"; };
		920B6ABC2CED0F41003E3A84 /* CVSFlickrImageTestTests.xctest */ = {isa = PBXFileReference; explicitFileType = wrapper.cfbundle; includeInIndex = 0; path = CVSFlickrImageTestTests.xctest; sourceTree = BUILT_PRODUCTS_DIR; };
		920B6AC02CED0F41003E3A84 /* CVSFlickrImageTestTests.swift */ = {isa = PBXFileReference; lastKnownFileType = sourcecode.swift; path = CVSFlickrImageTestTests.swift; sourceTree = "<group>"; };
		920B6AC62CED0F41003E3A84 /* CVSFlickrImageTestUITests.xctest */ = {isa = PBXFileReference; explicitFileType = wrapper.cfbundle; includeInIndex = 0; path = CVSFlickrImageTestUITests.xctest; sourceTree = BUILT_PRODUCTS_DIR; };
		920B6ACA2CED0F41003E3A84 /* CVSFlickrImageTestUITests.swift */ = {isa = PBXFileReference; lastKnownFileType = sourcecode.swift; path = CVSFlickrImageTestUITests.swift; sourceTree = "<group>"; };
		920B6ACC2CED0F41003E3A84 /* CVSFlickrImageTestUITestsLaunchTests.swift */ = {isa = PBXFileReference; lastKnownFileType = sourcecode.swift; path = CVSFlickrImageTestUITestsLaunchTests.swift; sourceTree = "<group>"; };
		920B6ADA2CED0FDE003E3A84 /* FlickrImageResponse.swift */ = {isa = PBXFileReference; lastKnownFileType = sourcecode.swift; path = FlickrImageResponse.swift; sourceTree = "<group>"; };
		920B6ADC2CED109F003E3A84 /* FlickrService.swift */ = {isa = PBXFileReference; lastKnownFileType = sourcecode.swift; path = FlickrService.swift; sourceTree = "<group>"; };
		920B6ADF2CED1C8A003E3A84 /* ImageThumbnailView.swift */ = {isa = PBXFileReference; lastKnownFileType = sourcecode.swift; path = ImageThumbnailView.swift; sourceTree = "<group>"; };
		920B6AE12CED1E09003E3A84 /* ImageDetailView.swift */ = {isa = PBXFileReference; lastKnownFileType = sourcecode.swift; path = ImageDetailView.swift; sourceTree = "<group>"; };
		920B6AE32CED2242003E3A84 /* DateFormatter+Extensions.swift */ = {isa = PBXFileReference; lastKnownFileType = sourcecode.swift; path = "DateFormatter+Extensions.swift"; sourceTree = "<group>"; };
		923B580B2CED27AB00CF01F3 /* LoadingViewOverlay.swift */ = {isa = PBXFileReference; lastKnownFileType = sourcecode.swift; path = LoadingViewOverlay.swift; sourceTree = "<group>"; };
/* End PBXFileReference section */

/* Begin PBXFrameworksBuildPhase section */
		920B6AA92CED0F14003E3A84 /* Frameworks */ = {
			isa = PBXFrameworksBuildPhase;
			buildActionMask = 2147483647;
			files = (
			);
			runOnlyForDeploymentPostprocessing = 0;
		};
		920B6AB92CED0F41003E3A84 /* Frameworks */ = {
			isa = PBXFrameworksBuildPhase;
			buildActionMask = 2147483647;
			files = (
			);
			runOnlyForDeploymentPostprocessing = 0;
		};
		920B6AC32CED0F41003E3A84 /* Frameworks */ = {
			isa = PBXFrameworksBuildPhase;
			buildActionMask = 2147483647;
			files = (
			);
			runOnlyForDeploymentPostprocessing = 0;
		};
/* End PBXFrameworksBuildPhase section */

/* Begin PBXGroup section */
		920B6AA32CED0F13003E3A84 = {
			isa = PBXGroup;
			children = (
				920B6AAE2CED0F14003E3A84 /* CVSFlickrImageTest */,
				920B6ABF2CED0F41003E3A84 /* CVSFlickrImageTestTests */,
				920B6AC92CED0F41003E3A84 /* CVSFlickrImageTestUITests */,
				920B6AAD2CED0F14003E3A84 /* Products */,
			);
			sourceTree = "<group>";
		};
		920B6AAD2CED0F14003E3A84 /* Products */ = {
			isa = PBXGroup;
			children = (
				920B6AAC2CED0F14003E3A84 /* CVSFlickrImageTest.app */,
				920B6ABC2CED0F41003E3A84 /* CVSFlickrImageTestTests.xctest */,
				920B6AC62CED0F41003E3A84 /* CVSFlickrImageTestUITests.xctest */,
			);
			name = Products;
			sourceTree = "<group>";
		};
		920B6AAE2CED0F14003E3A84 /* CVSFlickrImageTest */ = {
			isa = PBXGroup;
			children = (
				920B6ADE2CED18BF003E3A84 /* Views */,
				920B6AD92CED0FC0003E3A84 /* Service */,
				920B6AAF2CED0F14003E3A84 /* CVSFlickrImageTestApp.swift */,
				920B6AB32CED0F40003E3A84 /* Assets.xcassets */,
				920B6AB52CED0F40003E3A84 /* Preview Content */,
				920B6AE32CED2242003E3A84 /* DateFormatter+Extensions.swift */,
			);
			path = CVSFlickrImageTest;
			sourceTree = "<group>";
		};
		920B6AB52CED0F40003E3A84 /* Preview Content */ = {
			isa = PBXGroup;
			children = (
				920B6AB62CED0F40003E3A84 /* Preview Assets.xcassets */,
			);
			path = "Preview Content";
			sourceTree = "<group>";
		};
		920B6ABF2CED0F41003E3A84 /* CVSFlickrImageTestTests */ = {
			isa = PBXGroup;
			children = (
				920B6AC02CED0F41003E3A84 /* CVSFlickrImageTestTests.swift */,
			);
			path = CVSFlickrImageTestTests;
			sourceTree = "<group>";
		};
		920B6AC92CED0F41003E3A84 /* CVSFlickrImageTestUITests */ = {
			isa = PBXGroup;
			children = (
				920B6ACA2CED0F41003E3A84 /* CVSFlickrImageTestUITests.swift */,
				920B6ACC2CED0F41003E3A84 /* CVSFlickrImageTestUITestsLaunchTests.swift */,
			);
			path = CVSFlickrImageTestUITests;
			sourceTree = "<group>";
		};
		920B6AD92CED0FC0003E3A84 /* Service */ = {
			isa = PBXGroup;
			children = (
				920B6ADA2CED0FDE003E3A84 /* FlickrImageResponse.swift */,
				920B6ADC2CED109F003E3A84 /* FlickrService.swift */,
			);
			path = Service;
			sourceTree = "<group>";
		};
		920B6ADE2CED18BF003E3A84 /* Views */ = {
			isa = PBXGroup;
			children = (
				920B6AB12CED0F14003E3A84 /* ImageListView.swift */,
				920B6ADF2CED1C8A003E3A84 /* ImageThumbnailView.swift */,
				920B6AE12CED1E09003E3A84 /* ImageDetailView.swift */,
				923B580B2CED27AB00CF01F3 /* LoadingViewOverlay.swift */,
			);
			path = Views;
			sourceTree = "<group>";
		};
/* End PBXGroup section */

/* Begin PBXNativeTarget section */
		920B6AAB2CED0F14003E3A84 /* CVSFlickrImageTest */ = {
			isa = PBXNativeTarget;
			buildConfigurationList = 920B6AD02CED0F41003E3A84 /* Build configuration list for PBXNativeTarget "CVSFlickrImageTest" */;
			buildPhases = (
				920B6AA82CED0F14003E3A84 /* Sources */,
				920B6AA92CED0F14003E3A84 /* Frameworks */,
				920B6AAA2CED0F14003E3A84 /* Resources */,
			);
			buildRules = (
			);
			dependencies = (
			);
			name = CVSFlickrImageTest;
			productName = CVSFlickrImageTest;
			productReference = 920B6AAC2CED0F14003E3A84 /* CVSFlickrImageTest.app */;
			productType = "com.apple.product-type.application";
		};
		920B6ABB2CED0F41003E3A84 /* CVSFlickrImageTestTests */ = {
			isa = PBXNativeTarget;
			buildConfigurationList = 920B6AD32CED0F41003E3A84 /* Build configuration list for PBXNativeTarget "CVSFlickrImageTestTests" */;
			buildPhases = (
				920B6AB82CED0F41003E3A84 /* Sources */,
				920B6AB92CED0F41003E3A84 /* Frameworks */,
				920B6ABA2CED0F41003E3A84 /* Resources */,
			);
			buildRules = (
			);
			dependencies = (
				920B6ABE2CED0F41003E3A84 /* PBXTargetDependency */,
			);
			name = CVSFlickrImageTestTests;
			productName = CVSFlickrImageTestTests;
			productReference = 920B6ABC2CED0F41003E3A84 /* CVSFlickrImageTestTests.xctest */;
			productType = "com.apple.product-type.bundle.unit-test";
		};
		920B6AC52CED0F41003E3A84 /* CVSFlickrImageTestUITests */ = {
			isa = PBXNativeTarget;
			buildConfigurationList = 920B6AD62CED0F41003E3A84 /* Build configuration list for PBXNativeTarget "CVSFlickrImageTestUITests" */;
			buildPhases = (
				920B6AC22CED0F41003E3A84 /* Sources */,
				920B6AC32CED0F41003E3A84 /* Frameworks */,
				920B6AC42CED0F41003E3A84 /* Resources */,
			);
			buildRules = (
			);
			dependencies = (
				920B6AC82CED0F41003E3A84 /* PBXTargetDependency */,
			);
			name = CVSFlickrImageTestUITests;
			productName = CVSFlickrImageTestUITests;
			productReference = 920B6AC62CED0F41003E3A84 /* CVSFlickrImageTestUITests.xctest */;
			productType = "com.apple.product-type.bundle.ui-testing";
		};
/* End PBXNativeTarget section */

/* Begin PBXProject section */
		920B6AA42CED0F13003E3A84 /* Project object */ = {
			isa = PBXProject;
			attributes = {
				BuildIndependentTargetsInParallel = 1;
				LastSwiftUpdateCheck = 1340;
				LastUpgradeCheck = 1340;
				TargetAttributes = {
					920B6AAB2CED0F14003E3A84 = {
						CreatedOnToolsVersion = 13.4.1;
					};
					920B6ABB2CED0F41003E3A84 = {
						CreatedOnToolsVersion = 13.4.1;
						TestTargetID = 920B6AAB2CED0F14003E3A84;
					};
					920B6AC52CED0F41003E3A84 = {
						CreatedOnToolsVersion = 13.4.1;
						TestTargetID = 920B6AAB2CED0F14003E3A84;
					};
				};
			};
			buildConfigurationList = 920B6AA72CED0F13003E3A84 /* Build configuration list for PBXProject "CVSFlickrImageTest" */;
			compatibilityVersion = "Xcode 13.0";
			developmentRegion = en;
			hasScannedForEncodings = 0;
			knownRegions = (
				en,
				Base,
			);
			mainGroup = 920B6AA32CED0F13003E3A84;
			productRefGroup = 920B6AAD2CED0F14003E3A84 /* Products */;
			projectDirPath = "";
			projectRoot = "";
			targets = (
				920B6AAB2CED0F14003E3A84 /* CVSFlickrImageTest */,
				920B6ABB2CED0F41003E3A84 /* CVSFlickrImageTestTests */,
				920B6AC52CED0F41003E3A84 /* CVSFlickrImageTestUITests */,
			);
		};
/* End PBXProject section */

/* Begin PBXResourcesBuildPhase section */
		920B6AAA2CED0F14003E3A84 /* Resources */ = {
			isa = PBXResourcesBuildPhase;
			buildActionMask = 2147483647;
			files = (
				920B6AB72CED0F40003E3A84 /* Preview Assets.xcassets in Resources */,
				920B6AB42CED0F40003E3A84 /* Assets.xcassets in Resources */,
			);
			runOnlyForDeploymentPostprocessing = 0;
		};
		920B6ABA2CED0F41003E3A84 /* Resources */ = {
			isa = PBXResourcesBuildPhase;
			buildActionMask = 2147483647;
			files = (
			);
			runOnlyForDeploymentPostprocessing = 0;
		};
		920B6AC42CED0F41003E3A84 /* Resources */ = {
			isa = PBXResourcesBuildPhase;
			buildActionMask = 2147483647;
			files = (
			);
			runOnlyForDeploymentPostprocessing = 0;
		};
/* End PBXResourcesBuildPhase section */

/* Begin PBXSourcesBuildPhase section */
		920B6AA82CED0F14003E3A84 /* Sources */ = {
			isa = PBXSourcesBuildPhase;
			buildActionMask = 2147483647;
			files = (
				920B6ADB2CED0FDE003E3A84 /* FlickrImageResponse.swift in Sources */,
				920B6AE02CED1C8A003E3A84 /* ImageThumbnailView.swift in Sources */,
				920B6AE42CED2242003E3A84 /* DateFormatter+Extensions.swift in Sources */,
				920B6AB22CED0F14003E3A84 /* ImageListView.swift in Sources */,
				920B6ADD2CED109F003E3A84 /* FlickrService.swift in Sources */,
				920B6AB02CED0F14003E3A84 /* CVSFlickrImageTestApp.swift in Sources */,
				923B580C2CED27AB00CF01F3 /* LoadingViewOverlay.swift in Sources */,
				920B6AE22CED1E09003E3A84 /* ImageDetailView.swift in Sources */,
			);
			runOnlyForDeploymentPostprocessing = 0;
		};
		920B6AB82CED0F41003E3A84 /* Sources */ = {
			isa = PBXSourcesBuildPhase;
			buildActionMask = 2147483647;
			files = (
				920B6AC12CED0F41003E3A84 /* CVSFlickrImageTestTests.swift in Sources */,
			);
			runOnlyForDeploymentPostprocessing = 0;
		};
		920B6AC22CED0F41003E3A84 /* Sources */ = {
			isa = PBXSourcesBuildPhase;
			buildActionMask = 2147483647;
			files = (
				920B6ACD2CED0F41003E3A84 /* CVSFlickrImageTestUITestsLaunchTests.swift in Sources */,
				920B6ACB2CED0F41003E3A84 /* CVSFlickrImageTestUITests.swift in Sources */,
			);
			runOnlyForDeploymentPostprocessing = 0;
		};
/* End PBXSourcesBuildPhase section */

/* Begin PBXTargetDependency section */
		920B6ABE2CED0F41003E3A84 /* PBXTargetDependency */ = {
			isa = PBXTargetDependency;
			target = 920B6AAB2CED0F14003E3A84 /* CVSFlickrImageTest */;
			targetProxy = 920B6ABD2CED0F41003E3A84 /* PBXContainerItemProxy */;
		};
		920B6AC82CED0F41003E3A84 /* PBXTargetDependency */ = {
			isa = PBXTargetDependency;
			target = 920B6AAB2CED0F14003E3A84 /* CVSFlickrImageTest */;
			targetProxy = 920B6AC72CED0F41003E3A84 /* PBXContainerItemProxy */;
		};
/* End PBXTargetDependency section */

/* Begin XCBuildConfiguration section */
		920B6ACE2CED0F41003E3A84 /* Debug */ = {
			isa = XCBuildConfiguration;
			buildSettings = {
				ALWAYS_SEARCH_USER_PATHS = NO;
				CLANG_ANALYZER_NONNULL = YES;
				CLANG_ANALYZER_NUMBER_OBJECT_CONVERSION = YES_AGGRESSIVE;
				CLANG_CXX_LANGUAGE_STANDARD = "gnu++17";
				CLANG_ENABLE_MODULES = YES;
				CLANG_ENABLE_OBJC_ARC = YES;
				CLANG_ENABLE_OBJC_WEAK = YES;
				CLANG_WARN_BLOCK_CAPTURE_AUTORELEASING = YES;
				CLANG_WARN_BOOL_CONVERSION = YES;
				CLANG_WARN_COMMA = YES;
				CLANG_WARN_CONSTANT_CONVERSION = YES;
				CLANG_WARN_DEPRECATED_OBJC_IMPLEMENTATIONS = YES;
				CLANG_WARN_DIRECT_OBJC_ISA_USAGE = YES_ERROR;
				CLANG_WARN_DOCUMENTATION_COMMENTS = YES;
				CLANG_WARN_EMPTY_BODY = YES;
				CLANG_WARN_ENUM_CONVERSION = YES;
				CLANG_WARN_INFINITE_RECURSION = YES;
				CLANG_WARN_INT_CONVERSION = YES;
				CLANG_WARN_NON_LITERAL_NULL_CONVERSION = YES;
				CLANG_WARN_OBJC_IMPLICIT_RETAIN_SELF = YES;
				CLANG_WARN_OBJC_LITERAL_CONVERSION = YES;
				CLANG_WARN_OBJC_ROOT_CLASS = YES_ERROR;
				CLANG_WARN_QUOTED_INCLUDE_IN_FRAMEWORK_HEADER = YES;
				CLANG_WARN_RANGE_LOOP_ANALYSIS = YES;
				CLANG_WARN_STRICT_PROTOTYPES = YES;
				CLANG_WARN_SUSPICIOUS_MOVE = YES;
				CLANG_WARN_UNGUARDED_AVAILABILITY = YES_AGGRESSIVE;
				CLANG_WARN_UNREACHABLE_CODE = YES;
				CLANG_WARN__DUPLICATE_METHOD_MATCH = YES;
				COPY_PHASE_STRIP = NO;
				DEBUG_INFORMATION_FORMAT = dwarf;
				ENABLE_STRICT_OBJC_MSGSEND = YES;
				ENABLE_TESTABILITY = YES;
				GCC_C_LANGUAGE_STANDARD = gnu11;
				GCC_DYNAMIC_NO_PIC = NO;
				GCC_NO_COMMON_BLOCKS = YES;
				GCC_OPTIMIZATION_LEVEL = 0;
				GCC_PREPROCESSOR_DEFINITIONS = (
					"DEBUG=1",
					"$(inherited)",
				);
				GCC_WARN_64_TO_32_BIT_CONVERSION = YES;
				GCC_WARN_ABOUT_RETURN_TYPE = YES_ERROR;
				GCC_WARN_UNDECLARED_SELECTOR = YES;
				GCC_WARN_UNINITIALIZED_AUTOS = YES_AGGRESSIVE;
				GCC_WARN_UNUSED_FUNCTION = YES;
				GCC_WARN_UNUSED_VARIABLE = YES;
				IPHONEOS_DEPLOYMENT_TARGET = 15.5;
				MTL_ENABLE_DEBUG_INFO = INCLUDE_SOURCE;
				MTL_FAST_MATH = YES;
				ONLY_ACTIVE_ARCH = YES;
				SDKROOT = iphoneos;
				SWIFT_ACTIVE_COMPILATION_CONDITIONS = DEBUG;
				SWIFT_OPTIMIZATION_LEVEL = "-Onone";
			};
			name = Debug;
		};
		920B6ACF2CED0F41003E3A84 /* Release */ = {
			isa = XCBuildConfiguration;
			buildSettings = {
				ALWAYS_SEARCH_USER_PATHS = NO;
				CLANG_ANALYZER_NONNULL = YES;
				CLANG_ANALYZER_NUMBER_OBJECT_CONVERSION = YES_AGGRESSIVE;
				CLANG_CXX_LANGUAGE_STANDARD = "gnu++17";
				CLANG_ENABLE_MODULES = YES;
				CLANG_ENABLE_OBJC_ARC = YES;
				CLANG_ENABLE_OBJC_WEAK = YES;
				CLANG_WARN_BLOCK_CAPTURE_AUTORELEASING = YES;
				CLANG_WARN_BOOL_CONVERSION = YES;
				CLANG_WARN_COMMA = YES;
				CLANG_WARN_CONSTANT_CONVERSION = YES;
				CLANG_WARN_DEPRECATED_OBJC_IMPLEMENTATIONS = YES;
				CLANG_WARN_DIRECT_OBJC_ISA_USAGE = YES_ERROR;
				CLANG_WARN_DOCUMENTATION_COMMENTS = YES;
				CLANG_WARN_EMPTY_BODY = YES;
				CLANG_WARN_ENUM_CONVERSION = YES;
				CLANG_WARN_INFINITE_RECURSION = YES;
				CLANG_WARN_INT_CONVERSION = YES;
				CLANG_WARN_NON_LITERAL_NULL_CONVERSION = YES;
				CLANG_WARN_OBJC_IMPLICIT_RETAIN_SELF = YES;
				CLANG_WARN_OBJC_LITERAL_CONVERSION = YES;
				CLANG_WARN_OBJC_ROOT_CLASS = YES_ERROR;
				CLANG_WARN_QUOTED_INCLUDE_IN_FRAMEWORK_HEADER = YES;
				CLANG_WARN_RANGE_LOOP_ANALYSIS = YES;
				CLANG_WARN_STRICT_PROTOTYPES = YES;
				CLANG_WARN_SUSPICIOUS_MOVE = YES;
				CLANG_WARN_UNGUARDED_AVAILABILITY = YES_AGGRESSIVE;
				CLANG_WARN_UNREACHABLE_CODE = YES;
				CLANG_WARN__DUPLICATE_METHOD_MATCH = YES;
				COPY_PHASE_STRIP = NO;
				DEBUG_INFORMATION_FORMAT = "dwarf-with-dsym";
				ENABLE_NS_ASSERTIONS = NO;
				ENABLE_STRICT_OBJC_MSGSEND = YES;
				GCC_C_LANGUAGE_STANDARD = gnu11;
				GCC_NO_COMMON_BLOCKS = YES;
				GCC_WARN_64_TO_32_BIT_CONVERSION = YES;
				GCC_WARN_ABOUT_RETURN_TYPE = YES_ERROR;
				GCC_WARN_UNDECLARED_SELECTOR = YES;
				GCC_WARN_UNINITIALIZED_AUTOS = YES_AGGRESSIVE;
				GCC_WARN_UNUSED_FUNCTION = YES;
				GCC_WARN_UNUSED_VARIABLE = YES;
				IPHONEOS_DEPLOYMENT_TARGET = 15.5;
				MTL_ENABLE_DEBUG_INFO = NO;
				MTL_FAST_MATH = YES;
				SDKROOT = iphoneos;
				SWIFT_COMPILATION_MODE = wholemodule;
				SWIFT_OPTIMIZATION_LEVEL = "-O";
				VALIDATE_PRODUCT = YES;
			};
			name = Release;
		};
		920B6AD12CED0F41003E3A84 /* Debug */ = {
			isa = XCBuildConfiguration;
			buildSettings = {
				ASSETCATALOG_COMPILER_APPICON_NAME = AppIcon;
				ASSETCATALOG_COMPILER_GLOBAL_ACCENT_COLOR_NAME = AccentColor;
				CODE_SIGN_STYLE = Automatic;
				CURRENT_PROJECT_VERSION = 1;
				DEVELOPMENT_ASSET_PATHS = "\"CVSFlickrImageTest/Preview Content\"";
				ENABLE_PREVIEWS = YES;
				GENERATE_INFOPLIST_FILE = YES;
				INFOPLIST_KEY_UIApplicationSceneManifest_Generation = YES;
				INFOPLIST_KEY_UIApplicationSupportsIndirectInputEvents = YES;
				INFOPLIST_KEY_UILaunchScreen_Generation = YES;
				INFOPLIST_KEY_UISupportedInterfaceOrientations_iPad = "UIInterfaceOrientationPortrait UIInterfaceOrientationPortraitUpsideDown UIInterfaceOrientationLandscapeLeft UIInterfaceOrientationLandscapeRight";
				INFOPLIST_KEY_UISupportedInterfaceOrientations_iPhone = "UIInterfaceOrientationPortrait UIInterfaceOrientationLandscapeLeft UIInterfaceOrientationLandscapeRight";
				LD_RUNPATH_SEARCH_PATHS = (
					"$(inherited)",
					"@executable_path/Frameworks",
				);
				MARKETING_VERSION = 1.0;
				PRODUCT_BUNDLE_IDENTIFIER = com.reaga.CVSFlickrImageTest;
				PRODUCT_NAME = "$(TARGET_NAME)";
				SWIFT_EMIT_LOC_STRINGS = YES;
				SWIFT_VERSION = 5.0;
				TARGETED_DEVICE_FAMILY = "1,2";
			};
			name = Debug;
		};
		920B6AD22CED0F41003E3A84 /* Release */ = {
			isa = XCBuildConfiguration;
			buildSettings = {
				ASSETCATALOG_COMPILER_APPICON_NAME = AppIcon;
				ASSETCATALOG_COMPILER_GLOBAL_ACCENT_COLOR_NAME = AccentColor;
				CODE_SIGN_STYLE = Automatic;
				CURRENT_PROJECT_VERSION = 1;
				DEVELOPMENT_ASSET_PATHS = "\"CVSFlickrImageTest/Preview Content\"";
				ENABLE_PREVIEWS = YES;
				GENERATE_INFOPLIST_FILE = YES;
				INFOPLIST_KEY_UIApplicationSceneManifest_Generation = YES;
				INFOPLIST_KEY_UIApplicationSupportsIndirectInputEvents = YES;
				INFOPLIST_KEY_UILaunchScreen_Generation = YES;
				INFOPLIST_KEY_UISupportedInterfaceOrientations_iPad = "UIInterfaceOrientationPortrait UIInterfaceOrientationPortraitUpsideDown UIInterfaceOrientationLandscapeLeft UIInterfaceOrientationLandscapeRight";
				INFOPLIST_KEY_UISupportedInterfaceOrientations_iPhone = "UIInterfaceOrientationPortrait UIInterfaceOrientationLandscapeLeft UIInterfaceOrientationLandscapeRight";
				LD_RUNPATH_SEARCH_PATHS = (
					"$(inherited)",
					"@executable_path/Frameworks",
				);
				MARKETING_VERSION = 1.0;
				PRODUCT_BUNDLE_IDENTIFIER = com.reaga.CVSFlickrImageTest;
				PRODUCT_NAME = "$(TARGET_NAME)";
				SWIFT_EMIT_LOC_STRINGS = YES;
				SWIFT_VERSION = 5.0;
				TARGETED_DEVICE_FAMILY = "1,2";
			};
			name = Release;
		};
		920B6AD42CED0F41003E3A84 /* Debug */ = {
			isa = XCBuildConfiguration;
			buildSettings = {
				ALWAYS_EMBED_SWIFT_STANDARD_LIBRARIES = YES;
				BUNDLE_LOADER = "$(TEST_HOST)";
				CODE_SIGN_STYLE = Automatic;
				CURRENT_PROJECT_VERSION = 1;
				GENERATE_INFOPLIST_FILE = YES;
				IPHONEOS_DEPLOYMENT_TARGET = 15.5;
				MARKETING_VERSION = 1.0;
				PRODUCT_BUNDLE_IDENTIFIER = com.reaga.CVSFlickrImageTestTests;
				PRODUCT_NAME = "$(TARGET_NAME)";
				SWIFT_EMIT_LOC_STRINGS = NO;
				SWIFT_VERSION = 5.0;
				TARGETED_DEVICE_FAMILY = "1,2";
				TEST_HOST = "$(BUILT_PRODUCTS_DIR)/CVSFlickrImageTest.app/CVSFlickrImageTest";
			};
			name = Debug;
		};
		920B6AD52CED0F41003E3A84 /* Release */ = {
			isa = XCBuildConfiguration;
			buildSettings = {
				ALWAYS_EMBED_SWIFT_STANDARD_LIBRARIES = YES;
				BUNDLE_LOADER = "$(TEST_HOST)";
				CODE_SIGN_STYLE = Automatic;
				CURRENT_PROJECT_VERSION = 1;
				GENERATE_INFOPLIST_FILE = YES;
				IPHONEOS_DEPLOYMENT_TARGET = 15.5;
				MARKETING_VERSION = 1.0;
				PRODUCT_BUNDLE_IDENTIFIER = com.reaga.CVSFlickrImageTestTests;
				PRODUCT_NAME = "$(TARGET_NAME)";
				SWIFT_EMIT_LOC_STRINGS = NO;
				SWIFT_VERSION = 5.0;
				TARGETED_DEVICE_FAMILY = "1,2";
				TEST_HOST = "$(BUILT_PRODUCTS_DIR)/CVSFlickrImageTest.app/CVSFlickrImageTest";
			};
			name = Release;
		};
		920B6AD72CED0F41003E3A84 /* Debug */ = {
			isa = XCBuildConfiguration;
			buildSettings = {
				ALWAYS_EMBED_SWIFT_STANDARD_LIBRARIES = YES;
				CODE_SIGN_STYLE = Automatic;
				CURRENT_PROJECT_VERSION = 1;
				GENERATE_INFOPLIST_FILE = YES;
				MARKETING_VERSION = 1.0;
				PRODUCT_BUNDLE_IDENTIFIER = com.reaga.CVSFlickrImageTestUITests;
				PRODUCT_NAME = "$(TARGET_NAME)";
				SWIFT_EMIT_LOC_STRINGS = NO;
				SWIFT_VERSION = 5.0;
				TARGETED_DEVICE_FAMILY = "1,2";
				TEST_TARGET_NAME = CVSFlickrImageTest;
			};
			name = Debug;
		};
		920B6AD82CED0F41003E3A84 /* Release */ = {
			isa = XCBuildConfiguration;
			buildSettings = {
				ALWAYS_EMBED_SWIFT_STANDARD_LIBRARIES = YES;
				CODE_SIGN_STYLE = Automatic;
				CURRENT_PROJECT_VERSION = 1;
				GENERATE_INFOPLIST_FILE = YES;
				MARKETING_VERSION = 1.0;
				PRODUCT_BUNDLE_IDENTIFIER = com.reaga.CVSFlickrImageTestUITests;
				PRODUCT_NAME = "$(TARGET_NAME)";
				SWIFT_EMIT_LOC_STRINGS = NO;
				SWIFT_VERSION = 5.0;
				TARGETED_DEVICE_FAMILY = "1,2";
				TEST_TARGET_NAME = CVSFlickrImageTest;
			};
			name = Release;
		};
/* End XCBuildConfiguration section */

/* Begin XCConfigurationList section */
		920B6AA72CED0F13003E3A84 /* Build configuration list for PBXProject "CVSFlickrImageTest" */ = {
			isa = XCConfigurationList;
			buildConfigurations = (
				920B6ACE2CED0F41003E3A84 /* Debug */,
				920B6ACF2CED0F41003E3A84 /* Release */,
			);
			defaultConfigurationIsVisible = 0;
			defaultConfigurationName = Release;
		};
		920B6AD02CED0F41003E3A84 /* Build configuration list for PBXNativeTarget "CVSFlickrImageTest" */ = {
			isa = XCConfigurationList;
			buildConfigurations = (
				920B6AD12CED0F41003E3A84 /* Debug */,
				920B6AD22CED0F41003E3A84 /* Release */,
			);
			defaultConfigurationIsVisible = 0;
			defaultConfigurationName = Release;
		};
		920B6AD32CED0F41003E3A84 /* Build configuration list for PBXNativeTarget "CVSFlickrImageTestTests" */ = {
			isa = XCConfigurationList;
			buildConfigurations = (
				920B6AD42CED0F41003E3A84 /* Debug */,
				920B6AD52CED0F41003E3A84 /* Release */,
			);
			defaultConfigurationIsVisible = 0;
			defaultConfigurationName = Release;
		};
		920B6AD62CED0F41003E3A84 /* Build configuration list for PBXNativeTarget "CVSFlickrImageTestUITests" */ = {
			isa = XCConfigurationList;
			buildConfigurations = (
				920B6AD72CED0F41003E3A84 /* Debug */,
				920B6AD82CED0F41003E3A84 /* Release */,
			);
			defaultConfigurationIsVisible = 0;
			defaultConfigurationName = Release;
		};
/* End XCConfigurationList section */
	};
	rootObject = 920B6AA42CED0F13003E3A84 /* Project object */;
}
